
Microsoft Visual Studio Solution File, Format Version 12.00
Project("{FAE04EC0-301F-11D3-BF4B-00C04F79EFBC}") = "TestProject1", "TestProject1\TestProject1.csproj", "{D2D05CD8-30AF-4299-9182-861675BD368F}"
EndProject
Global
	GlobalSection(SolutionConfigurationPlatforms) = preSolution
		Debug|Any CPU = Debug|Any CPU
		Release|Any CPU = Release|Any CPU
	EndGlobalSection
	GlobalSection(ProjectConfigurationPlatforms) = postSolution
		{D2D05CD8-30AF-4299-9182-861675BD368F}.Debug|Any CPU.ActiveCfg = Debug|Any CPU
		{D2D05CD8-30AF-4299-9182-861675BD368F}.Debug|Any CPU.Build.0 = Debug|Any CPU
		{D2D05CD8-30AF-4299-9182-861675BD368F}.Release|Any CPU.ActiveCfg = Release|Any CPU
		{D2D05CD8-30AF-4299-9182-861675BD368F}.Release|Any CPU.Build.0 = Release|Any CPU
	EndGlobalSection
EndGlobal
